
Microsoft Visual Studio Solution File, Format Version 12.00
# Visual Studio Version 16
VisualStudioVersion = 16.0.31321.278
MinimumVisualStudioVersion = 10.0.40219.1
Project("{FAE04EC0-301F-11D3-BF4B-00C04F79EFBC}") = "Signal-Viewer", "Signal-Viewer.csproj", "{DD42D6F2-4B23-4628-A37A-6EE22410A82E}"
EndProject
Global
	GlobalSection(SolutionConfigurationPlatforms) = preSolution
		Debug|Any CPU = Debug|Any CPU
		Release|Any CPU = Release|Any CPU
	EndGlobalSection
	GlobalSection(ProjectConfigurationPlatforms) = postSolution
		{DD42D6F2-4B23-4628-A37A-6EE22410A82E}.Debug|Any CPU.ActiveCfg = Debug|Any CPU
		{DD42D6F2-4B23-4628-A37A-6EE22410A82E}.Debug|Any CPU.Build.0 = Debug|Any CPU
		{DD42D6F2-4B23-4628-A37A-6EE22410A82E}.Release|Any CPU.ActiveCfg = Release|Any CPU
		{DD42D6F2-4B23-4628-A37A-6EE22410A82E}.Release|Any CPU.Build.0 = Release|Any CPU
	EndGlobalSection
	GlobalSection(SolutionProperties) = preSolution
		HideSolutionNode = FALSE
	EndGlobalSection
	GlobalSection(ExtensibilityGlobals) = postSolution
		SolutionGuid = {87E4B461-C37B-4B10-9BFD-735A166E4440}
	EndGlobalSection
EndGlobal
